
Microsoft Visual Studio Solution File, Format Version 12.00
# Visual Studio Version 16
VisualStudioVersion = 16.0.29613.14
MinimumVisualStudioVersion = 10.0.40219.1
Project("{FAE04EC0-301F-11D3-BF4B-00C04F79EFBC}") = "AscProva", "AscProva.csproj", "{8B12EE68-CADC-41AC-B165-D89F1D5E386F}"
EndProject
Project("{FAE04EC0-301F-11D3-BF4B-00C04F79EFBC}") = "AscProva.Modelo", "..\AscProva.Modelo\AscProva.Modelo.csproj", "{2B09EB97-E903-482E-BD7A-1ACCFCDE575C}"
EndProject
Project("{FAE04EC0-301F-11D3-BF4B-00C04F79EFBC}") = "AscProva.RepositorioEntity", "..\AscProva.RepositorioEntity\AscProva.RepositorioEntity.csproj", "{3ACB78A6-9775-4F79-B534-F7C090EFCE17}"
EndProject
Project("{FAE04EC0-301F-11D3-BF4B-00C04F79EFBC}") = "AscProva.Aplicacao", "..\AscProva.Aplicacao\AscProva.Aplicacao.csproj", "{93D474DF-733C-4151-BC66-7ED5AE59A655}"
EndProject
Project("{FAE04EC0-301F-11D3-BF4B-00C04F79EFBC}") = "AscProva.RepositorioMysql", "..\AscProva.RepositorioMysql\AscProva.RepositorioMysql.csproj", "{28BCD8E9-85E0-4FE5-A579-2F00F571E478}"
EndProject
Global
	GlobalSection(SolutionConfigurationPlatforms) = preSolution
		Debug|Any CPU = Debug|Any CPU
		Release|Any CPU = Release|Any CPU
	EndGlobalSection
	GlobalSection(ProjectConfigurationPlatforms) = postSolution
		{8B12EE68-CADC-41AC-B165-D89F1D5E386F}.Debug|Any CPU.ActiveCfg = Debug|Any CPU
		{8B12EE68-CADC-41AC-B165-D89F1D5E386F}.Debug|Any CPU.Build.0 = Debug|Any CPU
		{8B12EE68-CADC-41AC-B165-D89F1D5E386F}.Release|Any CPU.ActiveCfg = Release|Any CPU
		{8B12EE68-CADC-41AC-B165-D89F1D5E386F}.Release|Any CPU.Build.0 = Release|Any CPU
		{2B09EB97-E903-482E-BD7A-1ACCFCDE575C}.Debug|Any CPU.ActiveCfg = Debug|Any CPU
		{2B09EB97-E903-482E-BD7A-1ACCFCDE575C}.Debug|Any CPU.Build.0 = Debug|Any CPU
		{2B09EB97-E903-482E-BD7A-1ACCFCDE575C}.Release|Any CPU.ActiveCfg = Release|Any CPU
		{2B09EB97-E903-482E-BD7A-1ACCFCDE575C}.Release|Any CPU.Build.0 = Release|Any CPU
		{3ACB78A6-9775-4F79-B534-F7C090EFCE17}.Debug|Any CPU.ActiveCfg = Debug|Any CPU
		{3ACB78A6-9775-4F79-B534-F7C090EFCE17}.Debug|Any CPU.Build.0 = Debug|Any CPU
		{3ACB78A6-9775-4F79-B534-F7C090EFCE17}.Release|Any CPU.ActiveCfg = Release|Any CPU
		{3ACB78A6-9775-4F79-B534-F7C090EFCE17}.Release|Any CPU.Build.0 = Release|Any CPU
		{93D474DF-733C-4151-BC66-7ED5AE59A655}.Debug|Any CPU.ActiveCfg = Debug|Any CPU
		{93D474DF-733C-4151-BC66-7ED5AE59A655}.Debug|Any CPU.Build.0 = Debug|Any CPU
		{93D474DF-733C-4151-BC66-7ED5AE59A655}.Release|Any CPU.ActiveCfg = Release|Any CPU
		{93D474DF-733C-4151-BC66-7ED5AE59A655}.Release|Any CPU.Build.0 = Release|Any CPU
		{28BCD8E9-85E0-4FE5-A579-2F00F571E478}.Debug|Any CPU.ActiveCfg = Debug|Any CPU
		{28BCD8E9-85E0-4FE5-A579-2F00F571E478}.Debug|Any CPU.Build.0 = Debug|Any CPU
		{28BCD8E9-85E0-4FE5-A579-2F00F571E478}.Release|Any CPU.ActiveCfg = Release|Any CPU
		{28BCD8E9-85E0-4FE5-A579-2F00F571E478}.Release|Any CPU.Build.0 = Release|Any CPU
	EndGlobalSection
	GlobalSection(SolutionProperties) = preSolution
		HideSolutionNode = FALSE
	EndGlobalSection
	GlobalSection(ExtensibilityGlobals) = postSolution
		SolutionGuid = {BDA2A218-6E03-406D-B447-AD276B174BB5}
	EndGlobalSection
EndGlobal
